
Microsoft Visual Studio Solution File, Format Version 12.00
# Visual Studio Version 16
VisualStudioVersion = 16.0.31911.196
MinimumVisualStudioVersion = 10.0.40219.1
Project("{8BC9CEB8-8B4A-11D0-8D11-00A0C91BC942}") = "bubble_sort", "bubble_sort\bubble_sort.vcxproj", "{8AF9D826-5241-461C-A1E9-5A3DA12466D9}"
EndProject
Project("{8BC9CEB8-8B4A-11D0-8D11-00A0C91BC942}") = "selection_sort", "Selection_sort\Selection_sort.vcxproj", "{3CE461EF-602F-4C68-9708-42891EB1E7F9}"
EndProject
Global
	GlobalSection(SolutionConfigurationPlatforms) = preSolution
		Debug|x64 = Debug|x64
		Debug|x86 = Debug|x86
		Release|x64 = Release|x64
		Release|x86 = Release|x86
	EndGlobalSection
	GlobalSection(ProjectConfigurationPlatforms) = postSolution
		{8AF9D826-5241-461C-A1E9-5A3DA12466D9}.Debug|x64.ActiveCfg = Debug|x64
		{8AF9D826-5241-461C-A1E9-5A3DA12466D9}.Debug|x64.Build.0 = Debug|x64
		{8AF9D826-5241-461C-A1E9-5A3DA12466D9}.Debug|x86.ActiveCfg = Debug|Win32
		{8AF9D826-5241-461C-A1E9-5A3DA12466D9}.Debug|x86.Build.0 = Debug|Win32
		{8AF9D826-5241-461C-A1E9-5A3DA12466D9}.Release|x64.ActiveCfg = Release|x64
		{8AF9D826-5241-461C-A1E9-5A3DA12466D9}.Release|x64.Build.0 = Release|x64
		{8AF9D826-5241-461C-A1E9-5A3DA12466D9}.Release|x86.ActiveCfg = Release|Win32
		{8AF9D826-5241-461C-A1E9-5A3DA12466D9}.Release|x86.Build.0 = Release|Win32
		{3CE461EF-602F-4C68-9708-42891EB1E7F9}.Debug|x64.ActiveCfg = Debug|x64
		{3CE461EF-602F-4C68-9708-42891EB1E7F9}.Debug|x64.Build.0 = Debug|x64
		{3CE461EF-602F-4C68-9708-42891EB1E7F9}.Debug|x86.ActiveCfg = Debug|Win32
		{3CE461EF-602F-4C68-9708-42891EB1E7F9}.Debug|x86.Build.0 = Debug|Win32
		{3CE461EF-602F-4C68-9708-42891EB1E7F9}.Release|x64.ActiveCfg = Release|x64
		{3CE461EF-602F-4C68-9708-42891EB1E7F9}.Release|x64.Build.0 = Release|x64
		{3CE461EF-602F-4C68-9708-42891EB1E7F9}.Release|x86.ActiveCfg = Release|Win32
		{3CE461EF-602F-4C68-9708-42891EB1E7F9}.Release|x86.Build.0 = Release|Win32
	EndGlobalSection
	GlobalSection(SolutionProperties) = preSolution
		HideSolutionNode = FALSE
	EndGlobalSection
	GlobalSection(ExtensibilityGlobals) = postSolution
		SolutionGuid = {D96FE087-54A7-4532-81D5-A791B144E40F}
	EndGlobalSection
EndGlobal
